Microsoft Visual Studio Solution File, Format Version 12.00
# Visual Studio 15
VisualStudioVersion = 15.0.28307.705
MinimumVisualStudioVersion = 10.0.40219.1
Project("{8BC9CEB8-8B4A-11D0-8D11-00A0C91BC942}") = "TestSuite", "testsuite\TestSuite_vs140.vcxproj", "{F1EE93DF-347F-4CB3-B191-C4E63F38E972}"
EndProject
Project("{8BC9CEB8-8B4A-11D0-8D11-00A0C91BC942}") = "RSFoundation", "RSFoundation\RSFoundation_vs140.vcxproj", "{B01196CC-B693-4548-8464-2FF60499E73F}"
EndProject
Project("{8BC9CEB8-8B4A-11D0-8D11-00A0C91BC942}") = "rsyncDaemon", "rsyncDaemon\rsyncDaemon_vs140.vcxproj", "{45BD0FC8-77EB-4C78-A908-B2372F2EC2C4}"
EndProject
Project("{8BC9CEB8-8B4A-11D0-8D11-00A0C91BC942}") = "rsyncAgent", "rsyncAgent\rsyncAgent_vs140.vcxproj", "{4B7348B3-E65F-4C27-B670-BBB244D9C436}"
EndProject
Project("{8BC9CEB8-8B4A-11D0-8D11-00A0C91BC942}") = "UKEYMonitor", "UKEYMonitor\UKEYMonitor_vs140.vcxproj", "{F5D7C9C8-7D94-4EED-87AA-54511AD3F371}"
EndProject
Global
	GlobalSection(SolutionConfigurationPlatforms) = preSolution
		debug_shared|Any CPU = debug_shared|Any CPU
		debug_shared|Win32 = debug_shared|Win32
		debug_static_md|Any CPU = debug_static_md|Any CPU
		debug_static_md|Win32 = debug_static_md|Win32
		debug_static_mt|Any CPU = debug_static_mt|Any CPU
		debug_static_mt|Win32 = debug_static_mt|Win32
		Debug|Any CPU = Debug|Any CPU
		Debug|Win32 = Debug|Win32
		release_shared|Any CPU = release_shared|Any CPU
		release_shared|Win32 = release_shared|Win32
		release_static_md|Any CPU = release_static_md|Any CPU
		release_static_md|Win32 = release_static_md|Win32
		release_static_mt|Any CPU = release_static_mt|Any CPU
		release_static_mt|Win32 = release_static_mt|Win32
		Release|Any CPU = Release|Any CPU
		Release|Win32 = Release|Win32
	EndGlobalSection
	GlobalSection(ProjectConfigurationPlatforms) = postSolution
		{F1EE93DF-347F-4CB3-B191-C4E63F38E972}.debug_shared|Any CPU.ActiveCfg = debug_shared|Win32
		{F1EE93DF-347F-4CB3-B191-C4E63F38E972}.debug_shared|Win32.ActiveCfg = debug_shared|Win32
		{F1EE93DF-347F-4CB3-B191-C4E63F38E972}.debug_shared|Win32.Build.0 = debug_shared|Win32
		{F1EE93DF-347F-4CB3-B191-C4E63F38E972}.debug_shared|Win32.Deploy.0 = debug_shared|Win32
		{F1EE93DF-347F-4CB3-B191-C4E63F38E972}.debug_static_md|Any CPU.ActiveCfg = debug_static_md|Win32
		{F1EE93DF-347F-4CB3-B191-C4E63F38E972}.debug_static_md|Win32.ActiveCfg = debug_static_md|Win32
		{F1EE93DF-347F-4CB3-B191-C4E63F38E972}.debug_static_md|Win32.Build.0 = debug_static_md|Win32
		{F1EE93DF-347F-4CB3-B191-C4E63F38E972}.debug_static_md|Win32.Deploy.0 = debug_static_md|Win32
		{F1EE93DF-347F-4CB3-B191-C4E63F38E972}.debug_static_mt|Any CPU.ActiveCfg = debug_static_mt|Win32
		{F1EE93DF-347F-4CB3-B191-C4E63F38E972}.debug_static_mt|Win32.ActiveCfg = debug_static_mt|Win32
		{F1EE93DF-347F-4CB3-B191-C4E63F38E972}.debug_static_mt|Win32.Build.0 = debug_static_mt|Win32
		{F1EE93DF-347F-4CB3-B191-C4E63F38E972}.debug_static_mt|Win32.Deploy.0 = debug_static_mt|Win32
		{F1EE93DF-347F-4CB3-B191-C4E63F38E972}.Debug|Any CPU.ActiveCfg = release_static_mt|Win32
		{F1EE93DF-347F-4CB3-B191-C4E63F38E972}.Debug|Any CPU.Build.0 = release_static_mt|Win32
		{F1EE93DF-347F-4CB3-B191-C4E63F38E972}.Debug|Win32.ActiveCfg = debug_static_mt|Win32
		{F1EE93DF-347F-4CB3-B191-C4E63F38E972}.Debug|Win32.Build.0 = debug_static_mt|Win32
		{F1EE93DF-347F-4CB3-B191-C4E63F38E972}.release_shared|Any CPU.ActiveCfg = release_shared|Win32
		{F1EE93DF-347F-4CB3-B191-C4E63F38E972}.release_shared|Win32.ActiveCfg = release_shared|Win32
		{F1EE93DF-347F-4CB3-B191-C4E63F38E972}.release_shared|Win32.Build.0 = release_shared|Win32
		{F1EE93DF-347F-4CB3-B191-C4E63F38E972}.release_shared|Win32.Deploy.0 = release_shared|Win32
		{F1EE93DF-347F-4CB3-B191-C4E63F38E972}.release_static_md|Any CPU.ActiveCfg = release_static_md|Win32
		{F1EE93DF-347F-4CB3-B191-C4E63F38E972}.release_static_md|Win32.ActiveCfg = release_static_md|Win32
		{F1EE93DF-347F-4CB3-B191-C4E63F38E972}.release_static_md|Win32.Build.0 = release_static_md|Win32
		{F1EE93DF-347F-4CB3-B191-C4E63F38E972}.release_static_md|Win32.Deploy.0 = release_static_md|Win32
		{F1EE93DF-347F-4CB3-B191-C4E63F38E972}.release_static_mt|Any CPU.ActiveCfg = release_static_mt|Win32
		{F1EE93DF-347F-4CB3-B191-C4E63F38E972}.release_static_mt|Win32.ActiveCfg = release_static_mt|Win32
		{F1EE93DF-347F-4CB3-B191-C4E63F38E972}.release_static_mt|Win32.Build.0 = release_static_mt|Win32
		{F1EE93DF-347F-4CB3-B191-C4E63F38E972}.release_static_mt|Win32.Deploy.0 = release_static_mt|Win32
		{F1EE93DF-347F-4CB3-B191-C4E63F38E972}.Release|Any CPU.ActiveCfg = release_static_mt|Win32
		{F1EE93DF-347F-4CB3-B191-C4E63F38E972}.Release|Any CPU.Build.0 = release_static_mt|Win32
		{F1EE93DF-347F-4CB3-B191-C4E63F38E972}.Release|Win32.ActiveCfg = release_static_mt|Win32
		{F1EE93DF-347F-4CB3-B191-C4E63F38E972}.Release|Win32.Build.0 = release_static_mt|Win32
		{B01196CC-B693-4548-8464-2FF60499E73F}.debug_shared|Any CPU.ActiveCfg = debug_shared|Win32
		{B01196CC-B693-4548-8464-2FF60499E73F}.debug_shared|Win32.ActiveCfg = debug_shared|Win32
		{B01196CC-B693-4548-8464-2FF60499E73F}.debug_shared|Win32.Build.0 = debug_shared|Win32
		{B01196CC-B693-4548-8464-2FF60499E73F}.debug_static_md|Any CPU.ActiveCfg = debug_static_md|Win32
		{B01196CC-B693-4548-8464-2FF60499E73F}.debug_static_md|Win32.ActiveCfg = debug_static_md|Win32
		{B01196CC-B693-4548-8464-2FF60499E73F}.debug_static_md|Win32.Build.0 = debug_static_md|Win32
		{B01196CC-B693-4548-8464-2FF60499E73F}.debug_static_mt|Any CPU.ActiveCfg = debug_static_mt|Win32
		{B01196CC-B693-4548-8464-2FF60499E73F}.debug_static_mt|Win32.ActiveCfg = debug_static_mt|Win32
		{B01196CC-B693-4548-8464-2FF60499E73F}.debug_static_mt|Win32.Build.0 = debug_static_mt|Win32
		{B01196CC-B693-4548-8464-2FF60499E73F}.Debug|Any CPU.ActiveCfg = release_static_mt|Win32
		{B01196CC-B693-4548-8464-2FF60499E73F}.Debug|Any CPU.Build.0 = release_static_mt|Win32
		{B01196CC-B693-4548-8464-2FF60499E73F}.Debug|Win32.ActiveCfg = debug_shared|Win32
		{B01196CC-B693-4548-8464-2FF60499E73F}.Debug|Win32.Build.0 = debug_shared|Win32
		{B01196CC-B693-4548-8464-2FF60499E73F}.release_shared|Any CPU.ActiveCfg = release_shared|Win32
		{B01196CC-B693-4548-8464-2FF60499E73F}.release_shared|Win32.ActiveCfg = release_shared|Win32
		{B01196CC-B693-4548-8464-2FF60499E73F}.release_shared|Win32.Build.0 = release_shared|Win32
		{B01196CC-B693-4548-8464-2FF60499E73F}.release_static_md|Any CPU.ActiveCfg = release_static_md|Win32
		{B01196CC-B693-4548-8464-2FF60499E73F}.release_static_md|Win32.ActiveCfg = release_static_md|Win32
		{B01196CC-B693-4548-8464-2FF60499E73F}.release_static_md|Win32.Build.0 = release_static_md|Win32
		{B01196CC-B693-4548-8464-2FF60499E73F}.release_static_mt|Any CPU.ActiveCfg = release_static_mt|Win32
		{B01196CC-B693-4548-8464-2FF60499E73F}.release_static_mt|Win32.ActiveCfg = release_static_mt|Win32
		{B01196CC-B693-4548-8464-2FF60499E73F}.release_static_mt|Win32.Build.0 = release_static_mt|Win32
		{B01196CC-B693-4548-8464-2FF60499E73F}.Release|Any CPU.ActiveCfg = release_static_mt|Win32
		{B01196CC-B693-4548-8464-2FF60499E73F}.Release|Any CPU.Build.0 = release_static_mt|Win32
		{B01196CC-B693-4548-8464-2FF60499E73F}.Release|Win32.ActiveCfg = release_shared|Win32
		{B01196CC-B693-4548-8464-2FF60499E73F}.Release|Win32.Build.0 = release_shared|Win32
		{45BD0FC8-77EB-4C78-A908-B2372F2EC2C4}.debug_shared|Any CPU.ActiveCfg = debug_shared|Win32
		{45BD0FC8-77EB-4C78-A908-B2372F2EC2C4}.debug_shared|Win32.ActiveCfg = debug_shared|Win32
		{45BD0FC8-77EB-4C78-A908-B2372F2EC2C4}.debug_shared|Win32.Build.0 = debug_shared|Win32
		{45BD0FC8-77EB-4C78-A908-B2372F2EC2C4}.debug_static_md|Any CPU.ActiveCfg = debug_static_md|Win32
		{45BD0FC8-77EB-4C78-A908-B2372F2EC2C4}.debug_static_md|Win32.ActiveCfg = debug_static_md|Win32
		{45BD0FC8-77EB-4C78-A908-B2372F2EC2C4}.debug_static_md|Win32.Build.0 = debug_static_md|Win32
		{45BD0FC8-77EB-4C78-A908-B2372F2EC2C4}.debug_static_mt|Any CPU.ActiveCfg = debug_static_mt|Win32
		{45BD0FC8-77EB-4C78-A908-B2372F2EC2C4}.debug_static_mt|Win32.ActiveCfg = debug_static_mt|Win32
		{45BD0FC8-77EB-4C78-A908-B2372F2EC2C4}.debug_static_mt|Win32.Build.0 = debug_static_mt|Win32
		{45BD0FC8-77EB-4C78-A908-B2372F2EC2C4}.Debug|Any CPU.ActiveCfg = debug_shared|Win32
		{45BD0FC8-77EB-4C78-A908-B2372F2EC2C4}.Debug|Any CPU.Build.0 = debug_shared|Win32
		{45BD0FC8-77EB-4C78-A908-B2372F2EC2C4}.Debug|Win32.ActiveCfg = debug_shared|Win32
		{45BD0FC8-77EB-4C78-A908-B2372F2EC2C4}.Debug|Win32.Build.0 = debug_shared|Win32
		{45BD0FC8-77EB-4C78-A908-B2372F2EC2C4}.release_shared|Any CPU.ActiveCfg = release_shared|Win32
		{45BD0FC8-77EB-4C78-A908-B2372F2EC2C4}.release_shared|Win32.ActiveCfg = release_shared|Win32
		{45BD0FC8-77EB-4C78-A908-B2372F2EC2C4}.release_shared|Win32.Build.0 = release_shared|Win32
		{45BD0FC8-77EB-4C78-A908-B2372F2EC2C4}.release_static_md|Any CPU.ActiveCfg = release_static_md|Win32
		{45BD0FC8-77EB-4C78-A908-B2372F2EC2C4}.release_static_md|Win32.ActiveCfg = release_static_md|Win32
		{45BD0FC8-77EB-4C78-A908-B2372F2EC2C4}.release_static_md|Win32.Build.0 = release_static_md|Win32
		{45BD0FC8-77EB-4C78-A908-B2372F2EC2C4}.release_static_mt|Any CPU.ActiveCfg = release_static_mt|Win32
		{45BD0FC8-77EB-4C78-A908-B2372F2EC2C4}.release_static_mt|Win32.ActiveCfg = release_static_mt|Win32
		{45BD0FC8-77EB-4C78-A908-B2372F2EC2C4}.release_static_mt|Win32.Build.0 = release_static_mt|Win32
		{45BD0FC8-77EB-4C78-A908-B2372F2EC2C4}.Release|Any CPU.ActiveCfg = debug_shared|Win32
		{45BD0FC8-77EB-4C78-A908-B2372F2EC2C4}.Release|Any CPU.Build.0 = debug_shared|Win32
		{45BD0FC8-77EB-4C78-A908-B2372F2EC2C4}.Release|Win32.ActiveCfg = release_shared|Win32
		{45BD0FC8-77EB-4C78-A908-B2372F2EC2C4}.Release|Win32.Build.0 = release_shared|Win32
		{4B7348B3-E65F-4C27-B670-BBB244D9C436}.debug_shared|Any CPU.ActiveCfg = debug_shared|Win32
		{4B7348B3-E65F-4C27-B670-BBB244D9C436}.debug_shared|Win32.ActiveCfg = debug_shared|Win32
		{4B7348B3-E65F-4C27-B670-BBB244D9C436}.debug_shared|Win32.Build.0 = debug_shared|Win32
		{4B7348B3-E65F-4C27-B670-BBB244D9C436}.debug_static_md|Any CPU.ActiveCfg = debug_static_md|Win32
		{4B7348B3-E65F-4C27-B670-BBB244D9C436}.debug_static_md|Win32.ActiveCfg = debug_static_md|Win32
		{4B7348B3-E65F-4C27-B670-BBB244D9C436}.debug_static_md|Win32.Build.0 = debug_static_md|Win32
		{4B7348B3-E65F-4C27-B670-BBB244D9C436}.debug_static_mt|Any CPU.ActiveCfg = debug_static_mt|Win32
		{4B7348B3-E65F-4C27-B670-BBB244D9C436}.debug_static_mt|Win32.ActiveCfg = debug_static_mt|Win32
		{4B7348B3-E65F-4C27-B670-BBB244D9C436}.debug_static_mt|Win32.Build.0 = debug_static_mt|Win32
		{4B7348B3-E65F-4C27-B670-BBB244D9C436}.Debug|Any CPU.ActiveCfg = debug_shared|Win32
		{4B7348B3-E65F-4C27-B670-BBB244D9C436}.Debug|Any CPU.Build.0 = debug_shared|Win32
		{4B7348B3-E65F-4C27-B670-BBB244D9C436}.Debug|Win32.ActiveCfg = debug_shared|Win32
		{4B7348B3-E65F-4C27-B670-BBB244D9C436}.Debug|Win32.Build.0 = debug_shared|Win32
		{4B7348B3-E65F-4C27-B670-BBB244D9C436}.release_shared|Any CPU.ActiveCfg = release_shared|Win32
		{4B7348B3-E65F-4C27-B670-BBB244D9C436}.release_shared|Win32.ActiveCfg = release_shared|Win32
		{4B7348B3-E65F-4C27-B670-BBB244D9C436}.release_shared|Win32.Build.0 = release_shared|Win32
		{4B7348B3-E65F-4C27-B670-BBB244D9C436}.release_static_md|Any CPU.ActiveCfg = release_static_md|Win32
		{4B7348B3-E65F-4C27-B670-BBB244D9C436}.release_static_md|Win32.ActiveCfg = release_static_md|Win32
		{4B7348B3-E65F-4C27-B670-BBB244D9C436}.release_static_md|Win32.Build.0 = release_static_md|Win32
		{4B7348B3-E65F-4C27-B670-BBB244D9C436}.release_static_mt|Any CPU.ActiveCfg = release_static_mt|Win32
		{4B7348B3-E65F-4C27-B670-BBB244D9C436}.release_static_mt|Win32.ActiveCfg = release_static_mt|Win32
		{4B7348B3-E65F-4C27-B670-BBB244D9C436}.release_static_mt|Win32.Build.0 = release_static_mt|Win32
		{4B7348B3-E65F-4C27-B670-BBB244D9C436}.Release|Any CPU.ActiveCfg = debug_shared|Win32
		{4B7348B3-E65F-4C27-B670-BBB244D9C436}.Release|Any CPU.Build.0 = debug_shared|Win32
		{4B7348B3-E65F-4C27-B670-BBB244D9C436}.Release|Win32.ActiveCfg = release_shared|Win32
		{4B7348B3-E65F-4C27-B670-BBB244D9C436}.Release|Win32.Build.0 = release_shared|Win32
		{F5D7C9C8-7D94-4EED-87AA-54511AD3F371}.debug_shared|Any CPU.ActiveCfg = debug_shared|Win32
		{F5D7C9C8-7D94-4EED-87AA-54511AD3F371}.debug_shared|Win32.ActiveCfg = debug_shared|Win32
		{F5D7C9C8-7D94-4EED-87AA-54511AD3F371}.debug_shared|Win32.Build.0 = debug_shared|Win32
		{F5D7C9C8-7D94-4EED-87AA-54511AD3F371}.debug_static_md|Any CPU.ActiveCfg = debug_static_md|Win32
		{F5D7C9C8-7D94-4EED-87AA-54511AD3F371}.debug_static_md|Win32.ActiveCfg = debug_static_md|Win32
		{F5D7C9C8-7D94-4EED-87AA-54511AD3F371}.debug_static_md|Win32.Build.0 = debug_static_md|Win32
		{F5D7C9C8-7D94-4EED-87AA-54511AD3F371}.debug_static_mt|Any CPU.ActiveCfg = debug_static_mt|Win32
		{F5D7C9C8-7D94-4EED-87AA-54511AD3F371}.debug_static_mt|Win32.ActiveCfg = debug_static_mt|Win32
		{F5D7C9C8-7D94-4EED-87AA-54511AD3F371}.debug_static_mt|Win32.Build.0 = debug_static_mt|Win32
		{F5D7C9C8-7D94-4EED-87AA-54511AD3F371}.Debug|Any CPU.ActiveCfg = release_shared|Win32
		{F5D7C9C8-7D94-4EED-87AA-54511AD3F371}.Debug|Any CPU.Build.0 = release_shared|Win32
		{F5D7C9C8-7D94-4EED-87AA-54511AD3F371}.Debug|Win32.ActiveCfg = debug_static_md|Win32
		{F5D7C9C8-7D94-4EED-87AA-54511AD3F371}.Debug|Win32.Build.0 = debug_static_md|Win32
		{F5D7C9C8-7D94-4EED-87AA-54511AD3F371}.release_shared|Any CPU.ActiveCfg = release_shared|Win32
		{F5D7C9C8-7D94-4EED-87AA-54511AD3F371}.release_shared|Win32.ActiveCfg = release_shared|Win32
		{F5D7C9C8-7D94-4EED-87AA-54511AD3F371}.release_shared|Win32.Build.0 = release_shared|Win32
		{F5D7C9C8-7D94-4EED-87AA-54511AD3F371}.release_static_md|Any CPU.ActiveCfg = release_static_md|Win32
		{F5D7C9C8-7D94-4EED-87AA-54511AD3F371}.release_static_md|Win32.ActiveCfg = release_static_md|Win32
		{F5D7C9C8-7D94-4EED-87AA-54511AD3F371}.release_static_md|Win32.Build.0 = release_static_md|Win32
		{F5D7C9C8-7D94-4EED-87AA-54511AD3F371}.release_static_mt|Any CPU.ActiveCfg = release_static_mt|Win32
		{F5D7C9C8-7D94-4EED-87AA-54511AD3F371}.release_static_mt|Win32.ActiveCfg = release_static_mt|Win32
		{F5D7C9C8-7D94-4EED-87AA-54511AD3F371}.release_static_mt|Win32.Build.0 = release_static_mt|Win32
		{F5D7C9C8-7D94-4EED-87AA-54511AD3F371}.Release|Any CPU.ActiveCfg = release_shared|Win32
		{F5D7C9C8-7D94-4EED-87AA-54511AD3F371}.Release|Any CPU.Build.0 = release_shared|Win32
		{F5D7C9C8-7D94-4EED-87AA-54511AD3F371}.Release|Win32.ActiveCfg = release_shared|Win32
		{F5D7C9C8-7D94-4EED-87AA-54511AD3F371}.Release|Win32.Build.0 = release_shared|Win32
	EndGlobalSection
	GlobalSection(SolutionProperties) = preSolution
		HideSolutionNode = FALSE
	EndGlobalSection
	GlobalSection(ExtensibilityGlobals) = postSolution
		SolutionGuid = {63D7FFCC-B76F-4BB8-9245-F3B17A55B6B3}
	EndGlobalSection
EndGlobal
