<?xml version="1.0" encoding="utf-8"?>
<Project ToolsVersion="4.0" xmlns="http://schemas.microsoft.com/developer/msbuild/2003">
  <ItemGroup>
    <Filter Include="Header Files">
      <UniqueIdentifier>{0109a54b-d894-4439-84ec-e58f36b806c6}</UniqueIdentifier>
    </Filter>
    <Filter Include="Source Files">
      <UniqueIdentifier>{0f09eddf-b305-465e-b1cb-f940ee0f9bd7}</UniqueIdentifier>
    </Filter>
    <Filter Include="Configuration Files">
      <UniqueIdentifier>{01352a7e-3dd9-4d63-8c01-01edde847e61}</UniqueIdentifier>
    </Filter>
    <Filter Include="Header Files\RequestHandler">
      <UniqueIdentifier>{6b2e64e4-7619-4a67-a2bb-d2dd566cc671}</UniqueIdentifier>
    </Filter>
  </ItemGroup>
  <ItemGroup>
    <None Include="rsyncAgent.properties">
      <Filter>Configuration Files</Filter>
    </None>
  </ItemGroup>
  <ItemGroup>
    <ClInclude Include="src\rsyncAgent.h">
      <Filter>Header Files</Filter>
    </ClInclude>
    <ClInclude Include="resource.h">
      <Filter>Header Files</Filter>
    </ClInclude>
    <ClInclude Include="src\RequestHandlerFactory.h">
      <Filter>Header Files</Filter>
    </ClInclude>
    <ClInclude Include="src\RedirectRequestHandler.h">
      <Filter>Header Files\RequestHandler</Filter>
    </ClInclude>
    <ClInclude Include="src\EchoHeaderRequestHandler.h">
      <Filter>Header Files\RequestHandler</Filter>
    </ClInclude>
    <ClInclude Include="src\EchoBodyRequestHandler.h">
      <Filter>Header Files\RequestHandler</Filter>
    </ClInclude>
    <ClInclude Include="src\BufferRequestHandler.h">
      <Filter>Header Files\RequestHandler</Filter>
    </ClInclude>
    <ClInclude Include="src\AuthRequestHandler.h">
      <Filter>Header Files\RequestHandler</Filter>
    </ClInclude>
  </ItemGroup>
  <ItemGroup>
    <ClCompile Include="src\rsyncAgent.cpp">
      <Filter>Source Files</Filter>
    </ClCompile>
    <ClCompile Include="src\RequestHandlerFactory.cpp">
      <Filter>Source Files</Filter>
    </ClCompile>
  </ItemGroup>
  <ItemGroup>
    <ResourceCompile Include="rsyncAgent.rc">
      <Filter>Configuration Files</Filter>
    </ResourceCompile>
  </ItemGroup>
</Project>