<?xml version="1.0" encoding="utf-8"?>
<Project ToolsVersion="4.0" xmlns="http://schemas.microsoft.com/developer/msbuild/2003">
  <ItemGroup>
    <Filter Include="Configuration Files">
      <UniqueIdentifier>{01352a7e-3dd9-4d63-8c01-01edde847e61}</UniqueIdentifier>
    </Filter>
    <Filter Include="RequestHandler">
      <UniqueIdentifier>{6b2e64e4-7619-4a67-a2bb-d2dd566cc671}</UniqueIdentifier>
    </Filter>
    <Filter Include="RequestHandler\Example">
      <UniqueIdentifier>{ac5efd6c-5cc1-46ba-a70d-a414cd6208aa}</UniqueIdentifier>
    </Filter>
    <Filter Include="Device">
      <UniqueIdentifier>{2c58c06a-3fc6-4f01-b241-5db49d3ef74c}</UniqueIdentifier>
    </Filter>
    <Filter Include="Core">
      <UniqueIdentifier>{3ca155db-0e19-40be-bdd9-86ba15894de8}</UniqueIdentifier>
    </Filter>
    <Filter Include="Core\Header Files">
      <UniqueIdentifier>{0109a54b-d894-4439-84ec-e58f36b806c6}</UniqueIdentifier>
    </Filter>
    <Filter Include="Core\Source Files">
      <UniqueIdentifier>{0f09eddf-b305-465e-b1cb-f940ee0f9bd7}</UniqueIdentifier>
    </Filter>
  </ItemGroup>
  <ItemGroup>
    <None Include="rsyncAgent.properties">
      <Filter>Configuration Files</Filter>
    </None>
    <None Include="Language.ini">
      <Filter>Configuration Files</Filter>
    </None>
  </ItemGroup>
  <ItemGroup>
    <ClInclude Include="src\rsyncAgent.h">
      <Filter>Core\Header Files</Filter>
    </ClInclude>
    <ClInclude Include="resource.h">
      <Filter>Core\Header Files</Filter>
    </ClInclude>
    <ClInclude Include="src\RequestHandlerFactory.h">
      <Filter>Core\Header Files</Filter>
    </ClInclude>
    <ClInclude Include="src\UDevice.h">
      <Filter>Device</Filter>
    </ClInclude>
    <ClInclude Include="src\StrategyCollection.h">
      <Filter>Device</Filter>
    </ClInclude>
    <ClInclude Include="src\SoFProvider.h">
      <Filter>Device</Filter>
    </ClInclude>
    <ClInclude Include="src\JSONStringify.h">
      <Filter>Device</Filter>
    </ClInclude>
    <ClInclude Include="src\GMCrypto.h">
      <Filter>Device</Filter>
    </ClInclude>
    <ClInclude Include="src\RequestHandleException.h">
      <Filter>RequestHandler</Filter>
    </ClInclude>
    <ClInclude Include="src\RESTfulRequestHandler.h">
      <Filter>RequestHandler</Filter>
    </ClInclude>
    <ClInclude Include="src\SOFErrorCode.h">
      <Filter>Device</Filter>
    </ClInclude>
    <ClInclude Include="src\AuthRequestHandler.h">
      <Filter>RequestHandler\Example</Filter>
    </ClInclude>
    <ClInclude Include="src\EchoBodyRequestHandler.h">
      <Filter>RequestHandler\Example</Filter>
    </ClInclude>
    <ClInclude Include="src\EchoHeaderRequestHandler.h">
      <Filter>RequestHandler\Example</Filter>
    </ClInclude>
    <ClInclude Include="src\RedirectRequestHandler.h">
      <Filter>RequestHandler\Example</Filter>
    </ClInclude>
    <ClInclude Include="src\Command.h">
      <Filter>RequestHandler</Filter>
    </ClInclude>
    <ClInclude Include="src\BufferRequestHandler.h">
      <Filter>RequestHandler</Filter>
    </ClInclude>
    <ClInclude Include="src\CertLoginRequestHandler.h">
      <Filter>RequestHandler</Filter>
    </ClInclude>
    <ClInclude Include="src\ChangePassWdRequestHandler.h">
      <Filter>RequestHandler</Filter>
    </ClInclude>
    <ClInclude Include="src\ConfigParametersRequestHandler.h">
      <Filter>RequestHandler</Filter>
    </ClInclude>
    <ClInclude Include="src\DecryptFileRequestHandler.h">
      <Filter>RequestHandler</Filter>
    </ClInclude>
    <ClInclude Include="src\EncryptFileRequestHandler.h">
      <Filter>RequestHandler</Filter>
    </ClInclude>
    <ClInclude Include="src\extCloseDeviceRequestHandler.h">
      <Filter>RequestHandler</Filter>
    </ClInclude>
    <ClInclude Include="src\extOpenDeviceRequestHandler.h">
      <Filter>RequestHandler</Filter>
    </ClInclude>
    <ClInclude Include="src\GetCertBase64StringRequestHandler.h">
      <Filter>RequestHandler</Filter>
    </ClInclude>
    <ClInclude Include="src\GetCertInfoRequestHandler.h">
      <Filter>RequestHandler</Filter>
    </ClInclude>
    <ClInclude Include="src\GetParametersRequestHandler.h">
      <Filter>RequestHandler</Filter>
    </ClInclude>
    <ClInclude Include="src\GetPinRetryCountRequestHandler.h">
      <Filter>RequestHandler</Filter>
    </ClInclude>
    <ClInclude Include="src\GetUserListRequestHandler.h">
      <Filter>RequestHandler</Filter>
    </ClInclude>
    <ClInclude Include="src\KeyDecryptByDigitalEnvelopeRequestHandler.h">
      <Filter>RequestHandler</Filter>
    </ClInclude>
    <ClInclude Include="src\KeyDecryptDataRequestHandler.h">
      <Filter>RequestHandler</Filter>
    </ClInclude>
    <ClInclude Include="src\KeyDigitalSignByP1RequestHandler.h">
      <Filter>RequestHandler</Filter>
    </ClInclude>
    <ClInclude Include="src\KeyEncryptByDigitalEnvelopeRequestHandler.h">
      <Filter>RequestHandler</Filter>
    </ClInclude>
    <ClInclude Include="src\KeyEncryptDataRequestHandler.h">
      <Filter>RequestHandler</Filter>
    </ClInclude>
    <ClInclude Include="src\KeyGetKeySnRequestHandler.h">
      <Filter>RequestHandler</Filter>
    </ClInclude>
    <ClInclude Include="src\KeySignByP1RequestHandler.h">
      <Filter>RequestHandler</Filter>
    </ClInclude>
    <ClInclude Include="src\KeySignByP7RequestHandler.h">
      <Filter>RequestHandler</Filter>
    </ClInclude>
    <ClInclude Include="src\VerifyDigitalSignByP1RequestHandler.h">
      <Filter>RequestHandler</Filter>
    </ClInclude>
    <ClInclude Include="src\VerifyIdentityRequestHandler.h">
      <Filter>RequestHandler</Filter>
    </ClInclude>
    <ClInclude Include="src\VerifySignByP1RequestHandler.h">
      <Filter>RequestHandler</Filter>
    </ClInclude>
    <ClInclude Include="src\VerifySignByP7RequestHandler.h">
      <Filter>RequestHandler</Filter>
    </ClInclude>
    <ClInclude Include="src\translater.h">
      <Filter>Core\Header Files</Filter>
    </ClInclude>
    <ClInclude Include="src\ErrorCode.h">
      <Filter>RequestHandler</Filter>
    </ClInclude>
    <ClInclude Include="src\Utility.h">
      <Filter>Core\Header Files</Filter>
    </ClInclude>
    <ClInclude Include="src\VerifySignByP7ExtRequestHandler.h">
      <Filter>RequestHandler</Filter>
    </ClInclude>
    <ClInclude Include="src\VerifySignByP1ExtRequestHandler.h">
      <Filter>RequestHandler</Filter>
    </ClInclude>
  </ItemGroup>
  <ItemGroup>
    <ClCompile Include="src\RequestHandlerFactory.cpp">
      <Filter>Core\Source Files</Filter>
    </ClCompile>
    <ClCompile Include="src\StrategyCollection.cpp">
      <Filter>Device</Filter>
    </ClCompile>
    <ClCompile Include="src\JSONStringify.cpp">
      <Filter>Device</Filter>
    </ClCompile>
    <ClCompile Include="src\UDevice.cpp">
      <Filter>Device</Filter>
    </ClCompile>
    <ClCompile Include="src\translater.cpp">
      <Filter>Core\Source Files</Filter>
    </ClCompile>
    <ClCompile Include="src\RequestHandleException.cpp">
      <Filter>Core\Source Files</Filter>
    </ClCompile>
    <ClCompile Include="src\rsyncAgent.cpp">
      <Filter>Core\Source Files</Filter>
    </ClCompile>
    <ClCompile Include="src\Utility.cpp">
      <Filter>Core\Source Files</Filter>
    </ClCompile>
  </ItemGroup>
  <ItemGroup>
    <ResourceCompile Include="rsyncAgent.rc">
      <Filter>Configuration Files</Filter>
    </ResourceCompile>
  </ItemGroup>
</Project>