<?xml version="1.0" encoding="utf-8"?>
<Project ToolsVersion="4.0" xmlns="http://schemas.microsoft.com/developer/msbuild/2003">
  <ItemGroup>
    <Filter Include="Configuration Files">
      <UniqueIdentifier>{01352a7e-3dd9-4d63-8c01-01edde847e61}</UniqueIdentifier>
    </Filter>
    <Filter Include="idl">
      <UniqueIdentifier>{1f7cc901-85df-4dd8-845a-1379fc9d4b4f}</UniqueIdentifier>
    </Filter>
    <Filter Include="Core">
      <UniqueIdentifier>{22e86929-dcc7-4ff1-8396-cb3b0cd7c762}</UniqueIdentifier>
    </Filter>
    <Filter Include="Core\Source Files">
      <UniqueIdentifier>{0f09eddf-b305-465e-b1cb-f940ee0f9bd7}</UniqueIdentifier>
    </Filter>
    <Filter Include="Core\Header Files">
      <UniqueIdentifier>{0109a54b-d894-4439-84ec-e58f36b806c6}</UniqueIdentifier>
    </Filter>
    <Filter Include="idl\Header Files">
      <UniqueIdentifier>{5adf64ef-904b-48b2-9b5b-8c884849d30d}</UniqueIdentifier>
    </Filter>
    <Filter Include="idl\Source Files">
      <UniqueIdentifier>{fdabe7c7-6493-4387-a453-b227c5b56f19}</UniqueIdentifier>
    </Filter>
  </ItemGroup>
  <ItemGroup>
    <None Include="rsyncClient.properties">
      <Filter>Configuration Files</Filter>
    </None>
    <None Include="QZSyncWorker.json">
      <Filter>Configuration Files</Filter>
    </None>
  </ItemGroup>
  <ItemGroup>
    <ClInclude Include="src\rsyncClient.h">
      <Filter>Core\Header Files</Filter>
    </ClInclude>
    <ClInclude Include="src\SampleTask.h">
      <Filter>Core\Header Files</Filter>
    </ClInclude>
    <ClInclude Include="resource.h" />
    <ClInclude Include="src\Certificate.h">
      <Filter>Core\Header Files</Filter>
    </ClInclude>
    <ClInclude Include="src\Container.h">
      <Filter>Core\Header Files</Filter>
    </ClInclude>
    <ClInclude Include="src\UKeyDevice.h">
      <Filter>Core\Header Files</Filter>
    </ClInclude>
    <ClInclude Include="src\iWebPDF.h">
      <Filter>idl\Header Files</Filter>
    </ClInclude>
    <ClInclude Include="src\BridgePDFReader.h">
      <Filter>idl\Header Files</Filter>
    </ClInclude>
    <ClInclude Include="src\KG_HARD_EXT.h">
      <Filter>idl\Header Files</Filter>
    </ClInclude>
    <ClInclude Include="src\WindowsLiveLogin.h">
      <Filter>idl\Header Files</Filter>
    </ClInclude>
    <ClInclude Include="src\BridgeKG_HARD_EXT.h">
      <Filter>idl\Header Files</Filter>
    </ClInclude>
    <ClInclude Include="src\BridgeWindowsLiveLogin.h">
      <Filter>idl\Header Files</Filter>
    </ClInclude>
    <ClInclude Include="src\XSSealProvider.h">
      <Filter>Core\Header Files</Filter>
    </ClInclude>
    <ClInclude Include="src\SealProvider.h">
      <Filter>Core\Header Files</Filter>
    </ClInclude>
    <ClInclude Include="src\OESSealProvider.h">
      <Filter>Core\Header Files</Filter>
    </ClInclude>
    <ClInclude Include="src\KGSealProvider.h">
      <Filter>Core\Header Files</Filter>
    </ClInclude>
    <ClInclude Include="src\KG_GetKeyInfo_FJRS.h">
      <Filter>Core\Header Files</Filter>
    </ClInclude>
    <ClInclude Include="src\QZSyncWorker.h">
      <Filter>Core</Filter>
    </ClInclude>
    <ClInclude Include="src\Utility.h">
      <Filter>Core</Filter>
    </ClInclude>
    <ClInclude Include="src\CDKG_GetKeyInfo_FJRS.h">
      <Filter>Core\Header Files</Filter>
    </ClInclude>
    <ClInclude Include="src\MediaBase.h">
      <Filter>Core\Header Files</Filter>
    </ClInclude>
    <ClInclude Include="src\FJCAMedia.h">
      <Filter>Core\Header Files</Filter>
    </ClInclude>
    <ClInclude Include="src\SOFMedia.h">
      <Filter>Core\Header Files</Filter>
    </ClInclude>
    <ClInclude Include="src\SKFSealProvider.h">
      <Filter>Core\Header Files</Filter>
    </ClInclude>
    <ClInclude Include="src\SNSealProvider.h">
      <Filter>Core\Header Files</Filter>
    </ClInclude>
    <ClInclude Include="src\FT3000GMMedia.h">
      <Filter>Core\Header Files</Filter>
    </ClInclude>
    <ClInclude Include="src\BCBSSealProvider.h">
      <Filter>Core\Header Files</Filter>
    </ClInclude>
    <ClInclude Include="src\HT5488003Media.h">
      <Filter>Core\Header Files</Filter>
    </ClInclude>
  </ItemGroup>
  <ItemGroup>
    <ClCompile Include="src\rsyncClient.cpp">
      <Filter>Core\Source Files</Filter>
    </ClCompile>
    <ClCompile Include="src\SampleTask.cpp">
      <Filter>Core\Source Files</Filter>
    </ClCompile>
    <ClCompile Include="src\UKeyDevice.cpp">
      <Filter>Core\Source Files</Filter>
    </ClCompile>
    <ClCompile Include="src\Container.cpp">
      <Filter>Core\Source Files</Filter>
    </ClCompile>
    <ClCompile Include="src\Certificate.cpp">
      <Filter>Core\Source Files</Filter>
    </ClCompile>
    <ClCompile Include="src\iWebPDF_i.c">
      <Filter>idl\Source Files</Filter>
    </ClCompile>
    <ClCompile Include="src\BridgePDFReader.cpp">
      <Filter>idl\Source Files</Filter>
    </ClCompile>
    <ClCompile Include="src\WindowsLiveLogin_i.c">
      <Filter>idl\Source Files</Filter>
    </ClCompile>
    <ClCompile Include="src\KG_HARD_EXT_i.c">
      <Filter>idl\Source Files</Filter>
    </ClCompile>
    <ClCompile Include="src\BridgeKG_HARD_EXT.cpp">
      <Filter>idl\Source Files</Filter>
    </ClCompile>
    <ClCompile Include="src\BridgeWindowsLiveLogin.cpp">
      <Filter>idl\Source Files</Filter>
    </ClCompile>
    <ClCompile Include="src\XSSealProvider.cpp">
      <Filter>Core\Source Files</Filter>
    </ClCompile>
    <ClCompile Include="src\SealProvider.cpp">
      <Filter>Core\Source Files</Filter>
    </ClCompile>
    <ClCompile Include="src\OESSealProvider.cpp">
      <Filter>Core\Source Files</Filter>
    </ClCompile>
    <ClCompile Include="src\QZSyncWorker.cpp">
      <Filter>Core</Filter>
    </ClCompile>
    <ClCompile Include="src\Utility.cpp">
      <Filter>Core</Filter>
    </ClCompile>
    <ClCompile Include="src\KGSealProvider.cpp">
      <Filter>Core\Source Files</Filter>
    </ClCompile>
    <ClCompile Include="src\MediaBase.cpp">
      <Filter>Core\Source Files</Filter>
    </ClCompile>
    <ClCompile Include="src\FJCAMedia.cpp">
      <Filter>Core\Source Files</Filter>
    </ClCompile>
    <ClCompile Include="src\SOFMedia.cpp">
      <Filter>Core\Source Files</Filter>
    </ClCompile>
    <ClCompile Include="src\SKFSealProvider.cpp">
      <Filter>Core\Source Files</Filter>
    </ClCompile>
    <ClCompile Include="src\SNSealProvider.cpp">
      <Filter>Core\Source Files</Filter>
    </ClCompile>
    <ClCompile Include="src\FT3000GMMedia.cpp">
      <Filter>Core\Source Files</Filter>
    </ClCompile>
    <ClCompile Include="src\BCBSSealProvider.cpp">
      <Filter>Core\Source Files</Filter>
    </ClCompile>
    <ClCompile Include="src\HT5488003Media.cpp">
      <Filter>Core\Source Files</Filter>
    </ClCompile>
  </ItemGroup>
  <ItemGroup>
    <ResourceCompile Include="rsyncClient.rc" />
  </ItemGroup>
</Project>