<?xml version="1.0" encoding="utf-8"?>
<Project ToolsVersion="4.0" xmlns="http://schemas.microsoft.com/developer/msbuild/2003">
  <ItemGroup>
    <Filter Include="DataCore">
      <UniqueIdentifier>{b4c7a430-4cf6-49fa-89de-9301321f877f}</UniqueIdentifier>
    </Filter>
    <Filter Include="DataCore\Header Files">
      <UniqueIdentifier>{5294b51c-0bd3-4fad-8ad9-5cfc5d27c9e9}</UniqueIdentifier>
    </Filter>
    <Filter Include="DataCore\Source Files">
      <UniqueIdentifier>{b4ff6a3d-4c4e-45d5-9954-c88225d5dcd8}</UniqueIdentifier>
    </Filter>
    <Filter Include="SessionPooling">
      <UniqueIdentifier>{c61908f2-65e3-4180-8ca2-b82ac97c4b31}</UniqueIdentifier>
    </Filter>
    <Filter Include="SessionPooling\Header Files">
      <UniqueIdentifier>{b81ea19a-52cf-4c01-a268-3487b42bede0}</UniqueIdentifier>
    </Filter>
    <Filter Include="SessionPooling\Source Files">
      <UniqueIdentifier>{75fe5e10-b9ed-4238-9cd0-6ed3b06629c0}</UniqueIdentifier>
    </Filter>
    <Filter Include="Logging">
      <UniqueIdentifier>{b108a281-7b73-492c-b9aa-3b704d18a526}</UniqueIdentifier>
    </Filter>
    <Filter Include="Logging\Header Files">
      <UniqueIdentifier>{7a0bce76-8822-4379-a88e-ebbd68b44e57}</UniqueIdentifier>
    </Filter>
    <Filter Include="Logging\Source Files">
      <UniqueIdentifier>{a44b210e-5cef-4e9a-9a16-7a6f6d1a8d85}</UniqueIdentifier>
    </Filter>
  </ItemGroup>
  <ItemGroup>
    <ClCompile Include="src\Connector.cpp">
      <Filter>DataCore\Source Files</Filter>
    </ClCompile>
    <ClCompile Include="src\SessionImpl.cpp">
      <Filter>DataCore\Source Files</Filter>
    </ClCompile>
    <ClCompile Include="src\SessionFactory.cpp">
      <Filter>DataCore\Source Files</Filter>
    </ClCompile>
    <ClCompile Include="src\Session.cpp">
      <Filter>DataCore\Source Files</Filter>
    </ClCompile>
    <ClCompile Include="src\DataException.cpp">
      <Filter>DataCore\Source Files</Filter>
    </ClCompile>
  </ItemGroup>
  <ItemGroup>
    <ClInclude Include="include\Reach\Data\AbstractSessionImpl.h">
      <Filter>DataCore\Header Files</Filter>
    </ClInclude>
    <ClInclude Include="include\Reach\Data\Connector.h">
      <Filter>DataCore\Header Files</Filter>
    </ClInclude>
    <ClInclude Include="include\Reach\Data\Data.h">
      <Filter>DataCore\Header Files</Filter>
    </ClInclude>
    <ClInclude Include="include\Reach\Data\DataException.h">
      <Filter>DataCore\Header Files</Filter>
    </ClInclude>
    <ClInclude Include="include\Reach\Data\Session.h">
      <Filter>DataCore\Header Files</Filter>
    </ClInclude>
    <ClInclude Include="include\Reach\Data\SessionFactory.h">
      <Filter>DataCore\Header Files</Filter>
    </ClInclude>
    <ClInclude Include="include\Reach\Data\SessionImpl.h">
      <Filter>DataCore\Header Files</Filter>
    </ClInclude>
  </ItemGroup>
</Project>